
Microsoft Visual Studio Solution File, Format Version 12.00
# Visual Studio Version 17
VisualStudioVersion = 17.5.33530.505
MinimumVisualStudioVersion = 10.0.40219.1
Project("{9A19103F-16F7-4668-BE54-9A1E7A4F7556}") = "Senkel.IO.Paths", "Paths\Senkel.IO.Paths.csproj", "{A469E0A6-20E7-4BB5-B022-686640EC8B1B}"
EndProject
Project("{9A19103F-16F7-4668-BE54-9A1E7A4F7556}") = "Senkel.IO.Extensions", "Extensions\Senkel.IO.Extensions.csproj", "{1645B321-E45B-4A6A-A834-141699AFCA93}"
EndProject
Project("{9A19103F-16F7-4668-BE54-9A1E7A4F7556}") = "Senkel.IO.Core", "Core\Senkel.IO.Core.csproj", "{D0DDFE23-3E52-4FFE-BDF8-FA5A3B14E488}"
EndProject
Project("{9A19103F-16F7-4668-BE54-9A1E7A4F7556}") = "Senkel.IO.Systems", "Systems\Senkel.IO.Systems.csproj", "{CAEA2390-00ED-467F-8353-5EB92BDAA54F}"
EndProject
Project("{9A19103F-16F7-4668-BE54-9A1E7A4F7556}") = "Senkel.IO.Conversions", "Conversions\Senkel.IO.Conversions.csproj", "{756F764E-0F77-4E75-85A8-04F152872BF7}"
EndProject
Global
	GlobalSection(SolutionConfigurationPlatforms) = preSolution
		Debug|Any CPU = Debug|Any CPU
		Release|Any CPU = Release|Any CPU
	EndGlobalSection
	GlobalSection(ProjectConfigurationPlatforms) = postSolution
		{A469E0A6-20E7-4BB5-B022-686640EC8B1B}.Debug|Any CPU.ActiveCfg = Debug|Any CPU
		{A469E0A6-20E7-4BB5-B022-686640EC8B1B}.Debug|Any CPU.Build.0 = Debug|Any CPU
		{A469E0A6-20E7-4BB5-B022-686640EC8B1B}.Release|Any CPU.ActiveCfg = Release|Any CPU
		{A469E0A6-20E7-4BB5-B022-686640EC8B1B}.Release|Any CPU.Build.0 = Release|Any CPU
		{1645B321-E45B-4A6A-A834-141699AFCA93}.Debug|Any CPU.ActiveCfg = Debug|Any CPU
		{1645B321-E45B-4A6A-A834-141699AFCA93}.Debug|Any CPU.Build.0 = Debug|Any CPU
		{1645B321-E45B-4A6A-A834-141699AFCA93}.Release|Any CPU.ActiveCfg = Release|Any CPU
		{1645B321-E45B-4A6A-A834-141699AFCA93}.Release|Any CPU.Build.0 = Release|Any CPU
		{D0DDFE23-3E52-4FFE-BDF8-FA5A3B14E488}.Debug|Any CPU.ActiveCfg = Debug|Any CPU
		{D0DDFE23-3E52-4FFE-BDF8-FA5A3B14E488}.Debug|Any CPU.Build.0 = Debug|Any CPU
		{D0DDFE23-3E52-4FFE-BDF8-FA5A3B14E488}.Release|Any CPU.ActiveCfg = Release|Any CPU
		{D0DDFE23-3E52-4FFE-BDF8-FA5A3B14E488}.Release|Any CPU.Build.0 = Release|Any CPU
		{CAEA2390-00ED-467F-8353-5EB92BDAA54F}.Debug|Any CPU.ActiveCfg = Debug|Any CPU
		{CAEA2390-00ED-467F-8353-5EB92BDAA54F}.Debug|Any CPU.Build.0 = Debug|Any CPU
		{CAEA2390-00ED-467F-8353-5EB92BDAA54F}.Release|Any CPU.ActiveCfg = Release|Any CPU
		{CAEA2390-00ED-467F-8353-5EB92BDAA54F}.Release|Any CPU.Build.0 = Release|Any CPU
		{756F764E-0F77-4E75-85A8-04F152872BF7}.Debug|Any CPU.ActiveCfg = Debug|Any CPU
		{756F764E-0F77-4E75-85A8-04F152872BF7}.Debug|Any CPU.Build.0 = Debug|Any CPU
		{756F764E-0F77-4E75-85A8-04F152872BF7}.Release|Any CPU.ActiveCfg = Release|Any CPU
		{756F764E-0F77-4E75-85A8-04F152872BF7}.Release|Any CPU.Build.0 = Release|Any CPU
	EndGlobalSection
	GlobalSection(SolutionProperties) = preSolution
		HideSolutionNode = FALSE
	EndGlobalSection
	GlobalSection(ExtensibilityGlobals) = postSolution
		SolutionGuid = {A5717E90-DDA8-42D8-981F-2AA1F216C719}
	EndGlobalSection
EndGlobal
