
Microsoft Visual Studio Solution File, Format Version 12.00
# Visual Studio Version 17
VisualStudioVersion = 17.5.33530.505
MinimumVisualStudioVersion = 10.0.40219.1
Project("{9A19103F-16F7-4668-BE54-9A1E7A4F7556}") = "Senkel.IO", "Core\Senkel.IO.csproj", "{66EFF6D0-E800-4E16-AC71-D481E97AFC38}"
EndProject
Project("{9A19103F-16F7-4668-BE54-9A1E7A4F7556}") = "Senkel.IO.Terminals", "Terminals\Senkel.IO.Terminals.csproj", "{A034BDD1-8F4C-4D46-949D-383F7AFE3A26}"
EndProject
Project("{9A19103F-16F7-4668-BE54-9A1E7A4F7556}") = "Senkel.IO.Serialization", "Serialization\Senkel.IO.Serialization.csproj", "{821DF1AE-1364-4A32-8435-298B9FDD4989}"
EndProject
Project("{9A19103F-16F7-4668-BE54-9A1E7A4F7556}") = "Senkel.IO.Paths", "Paths\Senkel.IO.Paths.csproj", "{A469E0A6-20E7-4BB5-B022-686640EC8B1B}"
EndProject
Global
	GlobalSection(SolutionConfigurationPlatforms) = preSolution
		Debug|Any CPU = Debug|Any CPU
		Release|Any CPU = Release|Any CPU
	EndGlobalSection
	GlobalSection(ProjectConfigurationPlatforms) = postSolution
		{66EFF6D0-E800-4E16-AC71-D481E97AFC38}.Debug|Any CPU.ActiveCfg = Debug|Any CPU
		{66EFF6D0-E800-4E16-AC71-D481E97AFC38}.Debug|Any CPU.Build.0 = Debug|Any CPU
		{66EFF6D0-E800-4E16-AC71-D481E97AFC38}.Release|Any CPU.ActiveCfg = Release|Any CPU
		{66EFF6D0-E800-4E16-AC71-D481E97AFC38}.Release|Any CPU.Build.0 = Release|Any CPU
		{A034BDD1-8F4C-4D46-949D-383F7AFE3A26}.Debug|Any CPU.ActiveCfg = Debug|Any CPU
		{A034BDD1-8F4C-4D46-949D-383F7AFE3A26}.Debug|Any CPU.Build.0 = Debug|Any CPU
		{A034BDD1-8F4C-4D46-949D-383F7AFE3A26}.Release|Any CPU.ActiveCfg = Release|Any CPU
		{A034BDD1-8F4C-4D46-949D-383F7AFE3A26}.Release|Any CPU.Build.0 = Release|Any CPU
		{821DF1AE-1364-4A32-8435-298B9FDD4989}.Debug|Any CPU.ActiveCfg = Debug|Any CPU
		{821DF1AE-1364-4A32-8435-298B9FDD4989}.Debug|Any CPU.Build.0 = Debug|Any CPU
		{821DF1AE-1364-4A32-8435-298B9FDD4989}.Release|Any CPU.ActiveCfg = Release|Any CPU
		{821DF1AE-1364-4A32-8435-298B9FDD4989}.Release|Any CPU.Build.0 = Release|Any CPU
		{A469E0A6-20E7-4BB5-B022-686640EC8B1B}.Debug|Any CPU.ActiveCfg = Debug|Any CPU
		{A469E0A6-20E7-4BB5-B022-686640EC8B1B}.Debug|Any CPU.Build.0 = Debug|Any CPU
		{A469E0A6-20E7-4BB5-B022-686640EC8B1B}.Release|Any CPU.ActiveCfg = Release|Any CPU
		{A469E0A6-20E7-4BB5-B022-686640EC8B1B}.Release|Any CPU.Build.0 = Release|Any CPU
	EndGlobalSection
	GlobalSection(SolutionProperties) = preSolution
		HideSolutionNode = FALSE
	EndGlobalSection
	GlobalSection(ExtensibilityGlobals) = postSolution
		SolutionGuid = {A5717E90-DDA8-42D8-981F-2AA1F216C719}
	EndGlobalSection
EndGlobal
